{
  "version": 4,
  "terraform_version": "1.1.9",
  "serial": 1,
  "lineage": "85ee5e3b-044c-2952-9f7c-d79a153eaa0d",
  "outputs": {},
  "resources": [
    {
      "mode": "managed",
      "type": "local_file",
      "name": "hello",
      "provider": "provider[\"registry.terraform.io/hashicorp/local\"]",
      "instances": [
        {
          "schema_version": 0,
          "attributes": {
            "content": "Hello, Terraform",
            "content_base64": null,
            "directory_permission": "0777",
            "file_permission": "0777",
            "filename": "hello.txt",
            "id": "392b5481eae4ab2178340f62b752297f72695d57",
            "sensitive_content": null
          },
          "sensitive_attributes": [],
          "private": "bnVsbA=="
        }
      ]
    }
  ]
}
